// !$*UTF8*$!
{
	archiveVersion = 1;
	classes = {
	};
	objectVersion = 50;
	objects = {

/* Begin PBXBuildFile section */
		36538FF425C226EF00538CD4 /* UIViewController+Extension.swift in Sources */ = {isa = PBXBuildFile; fileRef = 36538FF325C226EF00538CD4 /* UIViewController+Extension.swift */; };
		36538FFC25C229F900538CD4 /* JokeViewController.swift in Sources */ = {isa = PBXBuildFile; fileRef = 36538FFB25C229F900538CD4 /* JokeViewController.swift */; };
		36A19A3D25C20AF3005C54AC /* AppDelegate.swift in Sources */ = {isa = PBXBuildFile; fileRef = 36A19A3C25C20AF3005C54AC /* AppDelegate.swift */; };
		36A19A3F25C20AF3005C54AC /* SceneDelegate.swift in Sources */ = {isa = PBXBuildFile; fileRef = 36A19A3E25C20AF3005C54AC /* SceneDelegate.swift */; };
		36A19A4425C20AF3005C54AC /* Main.storyboard in Resources */ = {isa = PBXBuildFile; fileRef = 36A19A4225C20AF3005C54AC /* Main.storyboard */; };
		36A19A4625C20AFB005C54AC /* Assets.xcassets in Resources */ = {isa = PBXBuildFile; fileRef = 36A19A4525C20AFB005C54AC /* Assets.xcassets */; };
		36A19A4925C20AFB005C54AC /* LaunchScreen.storyboard in Resources */ = {isa = PBXBuildFile; fileRef = 36A19A4725C20AFB005C54AC /* LaunchScreen.storyboard */; };
		36A19A5425C20AFC005C54AC /* ChucknorsisTests.swift in Sources */ = {isa = PBXBuildFile; fileRef = 36A19A5325C20AFC005C54AC /* ChucknorsisTests.swift */; };
		36A19A5F25C20AFC005C54AC /* ChucknorsisUITests.swift in Sources */ = {isa = PBXBuildFile; fileRef = 36A19A5E25C20AFC005C54AC /* ChucknorsisUITests.swift */; };
		36A19A7925C20B87005C54AC /* Joke.swift in Sources */ = {isa = PBXBuildFile; fileRef = 36A19A7825C20B87005C54AC /* Joke.swift */; };
		36A19A8125C21129005C54AC /* JokeController.swift in Sources */ = {isa = PBXBuildFile; fileRef = 36A19A8025C21129005C54AC /* JokeController.swift */; };
		36A19A8625C211B6005C54AC /* JokeError.swift in Sources */ = {isa = PBXBuildFile; fileRef = 36A19A8525C211B6005C54AC /* JokeError.swift */; };
/* End PBXBuildFile section */

/* Begin PBXContainerItemProxy section */
		36A19A5025C20AFB005C54AC /* PBXContainerItemProxy */ = {
			isa = PBXContainerItemProxy;
			containerPortal = 36A19A3125C20AF3005C54AC /* Project object */;
			proxyType = 1;
			remoteGlobalIDString = 36A19A3825C20AF3005C54AC;
			remoteInfo = Chucknorsis;
		};
		36A19A5B25C20AFC005C54AC /* PBXContainerItemProxy */ = {
			isa = PBXContainerItemProxy;
			containerPortal = 36A19A3125C20AF3005C54AC /* Project object */;
			proxyType = 1;
			remoteGlobalIDString = 36A19A3825C20AF3005C54AC;
			remoteInfo = Chucknorsis;
		};
/* End PBXContainerItemProxy section */

/* Begin PBXFileReference section */
		36538FF325C226EF00538CD4 /* UIViewController+Extension.swift */ = {isa = PBXFileReference; lastKnownFileType = sourcecode.swift; path = "UIViewController+Extension.swift"; sourceTree = "<group>"; };
		36538FFB25C229F900538CD4 /* JokeViewController.swift */ = {isa = PBXFileReference; lastKnownFileType = sourcecode.swift; path = JokeViewController.swift; sourceTree = "<group>"; };
		36A19A3925C20AF3005C54AC /* Chucknorsis.app */ = {isa = PBXFileReference; explicitFileType = wrapper.application; includeInIndex = 0; path = Chucknorsis.app; sourceTree = BUILT_PRODUCTS_DIR; };
		36A19A3C25C20AF3005C54AC /* AppDelegate.swift */ = {isa = PBXFileReference; lastKnownFileType = sourcecode.swift; path = AppDelegate.swift; sourceTree = "<group>"; };
		36A19A3E25C20AF3005C54AC /* SceneDelegate.swift */ = {isa = PBXFileReference; lastKnownFileType = sourcecode.swift; path = SceneDelegate.swift; sourceTree = "<group>"; };
		36A19A4325C20AF3005C54AC /* Base */ = {isa = PBXFileReference; lastKnownFileType = file.storyboard; name = Base; path = Base.lproj/Main.storyboard; sourceTree = "<group>"; };
		36A19A4525C20AFB005C54AC /* Assets.xcassets */ = {isa = PBXFileReference; lastKnownFileType = folder.assetcatalog; path = Assets.xcassets; sourceTree = "<group>"; };
		36A19A4825C20AFB005C54AC /* Base */ = {isa = PBXFileReference; lastKnownFileType = file.storyboard; name = Base; path = Base.lproj/LaunchScreen.storyboard; sourceTree = "<group>"; };
		36A19A4A25C20AFB005C54AC /* Info.plist */ = {isa = PBXFileReference; lastKnownFileType = text.plist.xml; path = Info.plist; sourceTree = "<group>"; };
		36A19A4F25C20AFB005C54AC /* ChucknorsisTests.xctest */ = {isa = PBXFileReference; explicitFileType = wrapper.cfbundle; includeInIndex = 0; path = ChucknorsisTests.xctest; sourceTree = BUILT_PRODUCTS_DIR; };
		36A19A5325C20AFC005C54AC /* ChucknorsisTests.swift */ = {isa = PBXFileReference; lastKnownFileType = sourcecode.swift; path = ChucknorsisTests.swift; sourceTree = "<group>"; };
		36A19A5525C20AFC005C54AC /* Info.plist */ = {isa = PBXFileReference; lastKnownFileType = text.plist.xml; path = Info.plist; sourceTree = "<group>"; };
		36A19A5A25C20AFC005C54AC /* ChucknorsisUITests.xctest */ = {isa = PBXFileReference; explicitFileType = wrapper.cfbundle; includeInIndex = 0; path = ChucknorsisUITests.xctest; sourceTree = BUILT_PRODUCTS_DIR; };
		36A19A5E25C20AFC005C54AC /* ChucknorsisUITests.swift */ = {isa = PBXFileReference; lastKnownFileType = sourcecode.swift; path = ChucknorsisUITests.swift; sourceTree = "<group>"; };
		36A19A6025C20AFC005C54AC /* Info.plist */ = {isa = PBXFileReference; lastKnownFileType = text.plist.xml; path = Info.plist; sourceTree = "<group>"; };
		36A19A7825C20B87005C54AC /* Joke.swift */ = {isa = PBXFileReference; lastKnownFileType = sourcecode.swift; path = Joke.swift; sourceTree = "<group>"; };
		36A19A8025C21129005C54AC /* JokeController.swift */ = {isa = PBXFileReference; lastKnownFileType = sourcecode.swift; path = JokeController.swift; sourceTree = "<group>"; };
		36A19A8525C211B6005C54AC /* JokeError.swift */ = {isa = PBXFileReference; lastKnownFileType = sourcecode.swift; path = JokeError.swift; sourceTree = "<group>"; };
/* End PBXFileReference section */

/* Begin PBXFrameworksBuildPhase section */
		36A19A3625C20AF3005C54AC /* Frameworks */ = {
			isa = PBXFrameworksBuildPhase;
			buildActionMask = 2147483647;
			files = (
			);
			runOnlyForDeploymentPostprocessing = 0;
		};
		36A19A4C25C20AFB005C54AC /* Frameworks */ = {
			isa = PBXFrameworksBuildPhase;
			buildActionMask = 2147483647;
			files = (
			);
			runOnlyForDeploymentPostprocessing = 0;
		};
		36A19A5725C20AFC005C54AC /* Frameworks */ = {
			isa = PBXFrameworksBuildPhase;
			buildActionMask = 2147483647;
			files = (
			);
			runOnlyForDeploymentPostprocessing = 0;
		};
/* End PBXFrameworksBuildPhase section */

/* Begin PBXGroup section */
		36538FE725C2262F00538CD4 /* Helpers */ = {
			isa = PBXGroup;
			children = (
				36A19A8525C211B6005C54AC /* JokeError.swift */,
				36538FF325C226EF00538CD4 /* UIViewController+Extension.swift */,
			);
			path = Helpers;
			sourceTree = "<group>";
		};
		36538FEB25C2263E00538CD4 /* Views */ = {
			isa = PBXGroup;
			children = (
				36A19A7325C20B52005C54AC /* Storyboards */,
			);
			path = Views;
			sourceTree = "<group>";
		};
		36538FEC25C2264D00538CD4 /* Model Controllers */ = {
			isa = PBXGroup;
			children = (
				36A19A8025C21129005C54AC /* JokeController.swift */,
			);
			path = "Model Controllers";
			sourceTree = "<group>";
		};
		36538FED25C2266000538CD4 /* View Controllers */ = {
			isa = PBXGroup;
			children = (
				36538FFB25C229F900538CD4 /* JokeViewController.swift */,
			);
			path = "View Controllers";
			sourceTree = "<group>";
		};
		36538FEF25C2269500538CD4 /* Controllers */ = {
			isa = PBXGroup;
			children = (
				36538FED25C2266000538CD4 /* View Controllers */,
				36538FEC25C2264D00538CD4 /* Model Controllers */,
			);
			path = Controllers;
			sourceTree = "<group>";
		};
		36A19A3025C20AF3005C54AC = {
			isa = PBXGroup;
			children = (
				36A19A3B25C20AF3005C54AC /* Chucknorsis */,
				36A19A5225C20AFB005C54AC /* ChucknorsisTests */,
				36A19A5D25C20AFC005C54AC /* ChucknorsisUITests */,
				36A19A3A25C20AF3005C54AC /* Products */,
			);
			sourceTree = "<group>";
		};
		36A19A3A25C20AF3005C54AC /* Products */ = {
			isa = PBXGroup;
			children = (
				36A19A3925C20AF3005C54AC /* Chucknorsis.app */,
				36A19A4F25C20AFB005C54AC /* ChucknorsisTests.xctest */,
				36A19A5A25C20AFC005C54AC /* ChucknorsisUITests.xctest */,
			);
			name = Products;
			sourceTree = "<group>";
		};
		36A19A3B25C20AF3005C54AC /* Chucknorsis */ = {
			isa = PBXGroup;
			children = (
				36A19A7725C20B75005C54AC /* Models */,
				36538FEB25C2263E00538CD4 /* Views */,
				36538FEF25C2269500538CD4 /* Controllers */,
				36538FE725C2262F00538CD4 /* Helpers */,
				36A19A6F25C20B1C005C54AC /* Resources */,
			);
			path = Chucknorsis;
			sourceTree = "<group>";
		};
		36A19A5225C20AFB005C54AC /* ChucknorsisTests */ = {
			isa = PBXGroup;
			children = (
				36A19A5325C20AFC005C54AC /* ChucknorsisTests.swift */,
				36A19A5525C20AFC005C54AC /* Info.plist */,
			);
			path = ChucknorsisTests;
			sourceTree = "<group>";
		};
		36A19A5D25C20AFC005C54AC /* ChucknorsisUITests */ = {
			isa = PBXGroup;
			children = (
				36A19A5E25C20AFC005C54AC /* ChucknorsisUITests.swift */,
				36A19A6025C20AFC005C54AC /* Info.plist */,
			);
			path = ChucknorsisUITests;
			sourceTree = "<group>";
		};
		36A19A6F25C20B1C005C54AC /* Resources */ = {
			isa = PBXGroup;
			children = (
				36A19A3C25C20AF3005C54AC /* AppDelegate.swift */,
				36A19A3E25C20AF3005C54AC /* SceneDelegate.swift */,
				36A19A4525C20AFB005C54AC /* Assets.xcassets */,
				36A19A4A25C20AFB005C54AC /* Info.plist */,
			);
			path = Resources;
			sourceTree = "<group>";
		};
		36A19A7325C20B52005C54AC /* Storyboards */ = {
			isa = PBXGroup;
			children = (
				36A19A4225C20AF3005C54AC /* Main.storyboard */,
				36A19A4725C20AFB005C54AC /* LaunchScreen.storyboard */,
			);
			path = Storyboards;
			sourceTree = "<group>";
		};
		36A19A7725C20B75005C54AC /* Models */ = {
			isa = PBXGroup;
			children = (
				36A19A7825C20B87005C54AC /* Joke.swift */,
			);
			path = Models;
			sourceTree = "<group>";
		};
/* End PBXGroup section */

/* Begin PBXNativeTarget section */
		36A19A3825C20AF3005C54AC /* Chucknorsis */ = {
			isa = PBXNativeTarget;
			buildConfigurationList = 36A19A6325C20AFC005C54AC /* Build configuration list for PBXNativeTarget "Chucknorsis" */;
			buildPhases = (
				36A19A3525C20AF3005C54AC /* Sources */,
				36A19A3625C20AF3005C54AC /* Frameworks */,
				36A19A3725C20AF3005C54AC /* Resources */,
			);
			buildRules = (
			);
			dependencies = (
			);
			name = Chucknorsis;
			productName = Chucknorsis;
			productReference = 36A19A3925C20AF3005C54AC /* Chucknorsis.app */;
			productType = "com.apple.product-type.application";
		};
		36A19A4E25C20AFB005C54AC /* ChucknorsisTests */ = {
			isa = PBXNativeTarget;
			buildConfigurationList = 36A19A6625C20AFC005C54AC /* Build configuration list for PBXNativeTarget "ChucknorsisTests" */;
			buildPhases = (
				36A19A4B25C20AFB005C54AC /* Sources */,
				36A19A4C25C20AFB005C54AC /* Frameworks */,
				36A19A4D25C20AFB005C54AC /* Resources */,
			);
			buildRules = (
			);
			dependencies = (
				36A19A5125C20AFB005C54AC /* PBXTargetDependency */,
			);
			name = ChucknorsisTests;
			productName = ChucknorsisTests;
			productReference = 36A19A4F25C20AFB005C54AC /* ChucknorsisTests.xctest */;
			productType = "com.apple.product-type.bundle.unit-test";
		};
		36A19A5925C20AFC005C54AC /* ChucknorsisUITests */ = {
			isa = PBXNativeTarget;
			buildConfigurationList = 36A19A6925C20AFC005C54AC /* Build configuration list for PBXNativeTarget "ChucknorsisUITests" */;
			buildPhases = (
				36A19A5625C20AFC005C54AC /* Sources */,
				36A19A5725C20AFC005C54AC /* Frameworks */,
				36A19A5825C20AFC005C54AC /* Resources */,
			);
			buildRules = (
			);
			dependencies = (
				36A19A5C25C20AFC005C54AC /* PBXTargetDependency */,
			);
			name = ChucknorsisUITests;
			productName = ChucknorsisUITests;
			productReference = 36A19A5A25C20AFC005C54AC /* ChucknorsisUITests.xctest */;
			productType = "com.apple.product-type.bundle.ui-testing";
		};
/* End PBXNativeTarget section */

/* Begin PBXProject section */
		36A19A3125C20AF3005C54AC /* Project object */ = {
			isa = PBXProject;
			attributes = {
				LastSwiftUpdateCheck = 1230;
				LastUpgradeCheck = 1230;
				TargetAttributes = {
					36A19A3825C20AF3005C54AC = {
						CreatedOnToolsVersion = 12.3;
					};
					36A19A4E25C20AFB005C54AC = {
						CreatedOnToolsVersion = 12.3;
						TestTargetID = 36A19A3825C20AF3005C54AC;
					};
					36A19A5925C20AFC005C54AC = {
						CreatedOnToolsVersion = 12.3;
						TestTargetID = 36A19A3825C20AF3005C54AC;
					};
				};
			};
			buildConfigurationList = 36A19A3425C20AF3005C54AC /* Build configuration list for PBXProject "Chucknorsis" */;
			compatibilityVersion = "Xcode 9.3";
			developmentRegion = en;
			hasScannedForEncodings = 0;
			knownRegions = (
				en,
				Base,
			);
			mainGroup = 36A19A3025C20AF3005C54AC;
			productRefGroup = 36A19A3A25C20AF3005C54AC /* Products */;
			projectDirPath = "";
			projectRoot = "";
			targets = (
				36A19A3825C20AF3005C54AC /* Chucknorsis */,
				36A19A4E25C20AFB005C54AC /* ChucknorsisTests */,
				36A19A5925C20AFC005C54AC /* ChucknorsisUITests */,
			);
		};
/* End PBXProject section */

/* Begin PBXResourcesBuildPhase section */
		36A19A3725C20AF3005C54AC /* Resources */ = {
			isa = PBXResourcesBuildPhase;
			buildActionMask = 2147483647;
			files = (
				36A19A4925C20AFB005C54AC /* LaunchScreen.storyboard in Resources */,
				36A19A4625C20AFB005C54AC /* Assets.xcassets in Resources */,
				36A19A4425C20AF3005C54AC /* Main.storyboard in Resources */,
			);
			runOnlyForDeploymentPostprocessing = 0;
		};
		36A19A4D25C20AFB005C54AC /* Resources */ = {
			isa = PBXResourcesBuildPhase;
			buildActionMask = 2147483647;
			files = (
			);
			runOnlyForDeploymentPostprocessing = 0;
		};
		36A19A5825C20AFC005C54AC /* Resources */ = {
			isa = PBXResourcesBuildPhase;
			buildActionMask = 2147483647;
			files = (
			);
			runOnlyForDeploymentPostprocessing = 0;
		};
/* End PBXResourcesBuildPhase section */

/* Begin PBXSourcesBuildPhase section */
		36A19A3525C20AF3005C54AC /* Sources */ = {
			isa = PBXSourcesBuildPhase;
			buildActionMask = 2147483647;
			files = (
				36538FF425C226EF00538CD4 /* UIViewController+Extension.swift in Sources */,
				36538FFC25C229F900538CD4 /* JokeViewController.swift in Sources */,
				36A19A3D25C20AF3005C54AC /* AppDelegate.swift in Sources */,
				36A19A8125C21129005C54AC /* JokeController.swift in Sources */,
				36A19A8625C211B6005C54AC /* JokeError.swift in Sources */,
				36A19A7925C20B87005C54AC /* Joke.swift in Sources */,
				36A19A3F25C20AF3005C54AC /* SceneDelegate.swift in Sources */,
			);
			runOnlyForDeploymentPostprocessing = 0;
		};
		36A19A4B25C20AFB005C54AC /* Sources */ = {
			isa = PBXSourcesBuildPhase;
			buildActionMask = 2147483647;
			files = (
				36A19A5425C20AFC005C54AC /* ChucknorsisTests.swift in Sources */,
			);
			runOnlyForDeploymentPostprocessing = 0;
		};
		36A19A5625C20AFC005C54AC /* Sources */ = {
			isa = PBXSourcesBuildPhase;
			buildActionMask = 2147483647;
			files = (
				36A19A5F25C20AFC005C54AC /* ChucknorsisUITests.swift in Sources */,
			);
			runOnlyForDeploymentPostprocessing = 0;
		};
/* End PBXSourcesBuildPhase section */

/* Begin PBXTargetDependency section */
		36A19A5125C20AFB005C54AC /* PBXTargetDependency */ = {
			isa = PBXTargetDependency;
			target = 36A19A3825C20AF3005C54AC /* Chucknorsis */;
			targetProxy = 36A19A5025C20AFB005C54AC /* PBXContainerItemProxy */;
		};
		36A19A5C25C20AFC005C54AC /* PBXTargetDependency */ = {
			isa = PBXTargetDependency;
			target = 36A19A3825C20AF3005C54AC /* Chucknorsis */;
			targetProxy = 36A19A5B25C20AFC005C54AC /* PBXContainerItemProxy */;
		};
/* End PBXTargetDependency section */

/* Begin PBXVariantGroup section */
		36A19A4225C20AF3005C54AC /* Main.storyboard */ = {
			isa = PBXVariantGroup;
			children = (
				36A19A4325C20AF3005C54AC /* Base */,
			);
			name = Main.storyboard;
			sourceTree = "<group>";
		};
		36A19A4725C20AFB005C54AC /* LaunchScreen.storyboard */ = {
			isa = PBXVariantGroup;
			children = (
				36A19A4825C20AFB005C54AC /* Base */,
			);
			name = LaunchScreen.storyboard;
			sourceTree = "<group>";
		};
/* End PBXVariantGroup section */

/* Begin XCBuildConfiguration section */
		36A19A6125C20AFC005C54AC /* Debug */ = {
			isa = XCBuildConfiguration;
			buildSettings = {
				ALWAYS_SEARCH_USER_PATHS = NO;
				CLANG_ANALYZER_NONNULL = YES;
				CLANG_ANALYZER_NUMBER_OBJECT_CONVERSION = YES_AGGRESSIVE;
				CLANG_CXX_LANGUAGE_STANDARD = "gnu++14";
				CLANG_CXX_LIBRARY = "libc++";
				CLANG_ENABLE_MODULES = YES;
				CLANG_ENABLE_OBJC_ARC = YES;
				CLANG_ENABLE_OBJC_WEAK = YES;
				CLANG_WARN_BLOCK_CAPTURE_AUTORELEASING = YES;
				CLANG_WARN_BOOL_CONVERSION = YES;
				CLANG_WARN_COMMA = YES;
				CLANG_WARN_CONSTANT_CONVERSION = YES;
				CLANG_WARN_DEPRECATED_OBJC_IMPLEMENTATIONS = YES;
				CLANG_WARN_DIRECT_OBJC_ISA_USAGE = YES_ERROR;
				CLANG_WARN_DOCUMENTATION_COMMENTS = YES;
				CLANG_WARN_EMPTY_BODY = YES;
				CLANG_WARN_ENUM_CONVERSION = YES;
				CLANG_WARN_INFINITE_RECURSION = YES;
				CLANG_WARN_INT_CONVERSION = YES;
				CLANG_WARN_NON_LITERAL_NULL_CONVERSION = YES;
				CLANG_WARN_OBJC_IMPLICIT_RETAIN_SELF = YES;
				CLANG_WARN_OBJC_LITERAL_CONVERSION = YES;
				CLANG_WARN_OBJC_ROOT_CLASS = YES_ERROR;
				CLANG_WARN_QUOTED_INCLUDE_IN_FRAMEWORK_HEADER = YES;
				CLANG_WARN_RANGE_LOOP_ANALYSIS = YES;
				CLANG_WARN_STRICT_PROTOTYPES = YES;
				CLANG_WARN_SUSPICIOUS_MOVE = YES;
				CLANG_WARN_UNGUARDED_AVAILABILITY = YES_AGGRESSIVE;
				CLANG_WARN_UNREACHABLE_CODE = YES;
				CLANG_WARN__DUPLICATE_METHOD_MATCH = YES;
				COPY_PHASE_STRIP = NO;
				DEBUG_INFORMATION_FORMAT = dwarf;
				ENABLE_STRICT_OBJC_MSGSEND = YES;
				ENABLE_TESTABILITY = YES;
				GCC_C_LANGUAGE_STANDARD = gnu11;
				GCC_DYNAMIC_NO_PIC = NO;
				GCC_NO_COMMON_BLOCKS = YES;
				GCC_OPTIMIZATION_LEVEL = 0;
				GCC_PREPROCESSOR_DEFINITIONS = (
					"DEBUG=1",
					"$(inherited)",
				);
				GCC_WARN_64_TO_32_BIT_CONVERSION = YES;
				GCC_WARN_ABOUT_RETURN_TYPE = YES_ERROR;
				GCC_WARN_UNDECLARED_SELECTOR = YES;
				GCC_WARN_UNINITIALIZED_AUTOS = YES_AGGRESSIVE;
				GCC_WARN_UNUSED_FUNCTION = YES;
				GCC_WARN_UNUSED_VARIABLE = YES;
				IPHONEOS_DEPLOYMENT_TARGET = 14.3;
				MTL_ENABLE_DEBUG_INFO = INCLUDE_SOURCE;
				MTL_FAST_MATH = YES;
				ONLY_ACTIVE_ARCH = YES;
				SDKROOT = iphoneos;
				SWIFT_ACTIVE_COMPILATION_CONDITIONS = DEBUG;
				SWIFT_OPTIMIZATION_LEVEL = "-Onone";
			};
			name = Debug;
		};
		36A19A6225C20AFC005C54AC /* Release */ = {
			isa = XCBuildConfiguration;
			buildSettings = {
				ALWAYS_SEARCH_USER_PATHS = NO;
				CLANG_ANALYZER_NONNULL = YES;
				CLANG_ANALYZER_NUMBER_OBJECT_CONVERSION = YES_AGGRESSIVE;
				CLANG_CXX_LANGUAGE_STANDARD = "gnu++14";
				CLANG_CXX_LIBRARY = "libc++";
				CLANG_ENABLE_MODULES = YES;
				CLANG_ENABLE_OBJC_ARC = YES;
				CLANG_ENABLE_OBJC_WEAK = YES;
				CLANG_WARN_BLOCK_CAPTURE_AUTORELEASING = YES;
				CLANG_WARN_BOOL_CONVERSION = YES;
				CLANG_WARN_COMMA = YES;
				CLANG_WARN_CONSTANT_CONVERSION = YES;
				CLANG_WARN_DEPRECATED_OBJC_IMPLEMENTATIONS = YES;
				CLANG_WARN_DIRECT_OBJC_ISA_USAGE = YES_ERROR;
				CLANG_WARN_DOCUMENTATION_COMMENTS = YES;
				CLANG_WARN_EMPTY_BODY = YES;
				CLANG_WARN_ENUM_CONVERSION = YES;
				CLANG_WARN_INFINITE_RECURSION = YES;
				CLANG_WARN_INT_CONVERSION = YES;
				CLANG_WARN_NON_LITERAL_NULL_CONVERSION = YES;
				CLANG_WARN_OBJC_IMPLICIT_RETAIN_SELF = YES;
				CLANG_WARN_OBJC_LITERAL_CONVERSION = YES;
				CLANG_WARN_OBJC_ROOT_CLASS = YES_ERROR;
				CLANG_WARN_QUOTED_INCLUDE_IN_FRAMEWORK_HEADER = YES;
				CLANG_WARN_RANGE_LOOP_ANALYSIS = YES;
				CLANG_WARN_STRICT_PROTOTYPES = YES;
				CLANG_WARN_SUSPICIOUS_MOVE = YES;
				CLANG_WARN_UNGUARDED_AVAILABILITY = YES_AGGRESSIVE;
				CLANG_WARN_UNREACHABLE_CODE = YES;
				CLANG_WARN__DUPLICATE_METHOD_MATCH = YES;
				COPY_PHASE_STRIP = NO;
				DEBUG_INFORMATION_FORMAT = "dwarf-with-dsym";
				ENABLE_NS_ASSERTIONS = NO;
				ENABLE_STRICT_OBJC_MSGSEND = YES;
				GCC_C_LANGUAGE_STANDARD = gnu11;
				GCC_NO_COMMON_BLOCKS = YES;
				GCC_WARN_64_TO_32_BIT_CONVERSION = YES;
				GCC_WARN_ABOUT_RETURN_TYPE = YES_ERROR;
				GCC_WARN_UNDECLARED_SELECTOR = YES;
				GCC_WARN_UNINITIALIZED_AUTOS = YES_AGGRESSIVE;
				GCC_WARN_UNUSED_FUNCTION = YES;
				GCC_WARN_UNUSED_VARIABLE = YES;
				IPHONEOS_DEPLOYMENT_TARGET = 14.3;
				MTL_ENABLE_DEBUG_INFO = NO;
				MTL_FAST_MATH = YES;
				SDKROOT = iphoneos;
				SWIFT_COMPILATION_MODE = wholemodule;
				SWIFT_OPTIMIZATION_LEVEL = "-O";
				VALIDATE_PRODUCT = YES;
			};
			name = Release;
		};
		36A19A6425C20AFC005C54AC /* Debug */ = {
			isa = XCBuildConfiguration;
			buildSettings = {
				ASSETCATALOG_COMPILER_APPICON_NAME = AppIcon;
				ASSETCATALOG_COMPILER_GLOBAL_ACCENT_COLOR_NAME = AccentColor;
				CODE_SIGN_STYLE = Automatic;
				DEVELOPMENT_TEAM = L73M8R7276;
				INFOPLIST_FILE = Chucknorsis/Resources/Info.plist;
				LD_RUNPATH_SEARCH_PATHS = (
					"$(inherited)",
					"@executable_path/Frameworks",
				);
				PRODUCT_BUNDLE_IDENTIFIER = com.leemccormick.Chucknorsis;
				PRODUCT_NAME = "$(TARGET_NAME)";
				SWIFT_VERSION = 5.0;
				TARGETED_DEVICE_FAMILY = "1,2";
			};
			name = Debug;
		};
		36A19A6525C20AFC005C54AC /* Release */ = {
			isa = XCBuildConfiguration;
			buildSettings = {
				ASSETCATALOG_COMPILER_APPICON_NAME = AppIcon;
				ASSETCATALOG_COMPILER_GLOBAL_ACCENT_COLOR_NAME = AccentColor;
				CODE_SIGN_STYLE = Automatic;
				DEVELOPMENT_TEAM = L73M8R7276;
				INFOPLIST_FILE = Chucknorsis/Resources/Info.plist;
				LD_RUNPATH_SEARCH_PATHS = (
					"$(inherited)",
					"@executable_path/Frameworks",
				);
				PRODUCT_BUNDLE_IDENTIFIER = com.leemccormick.Chucknorsis;
				PRODUCT_NAME = "$(TARGET_NAME)";
				SWIFT_VERSION = 5.0;
				TARGETED_DEVICE_FAMILY = "1,2";
			};
			name = Release;
		};
		36A19A6725C20AFC005C54AC /* Debug */ = {
			isa = XCBuildConfiguration;
			buildSettings = {
				ALWAYS_EMBED_SWIFT_STANDARD_LIBRARIES = YES;
				BUNDLE_LOADER = "$(TEST_HOST)";
				CODE_SIGN_STYLE = Automatic;
				DEVELOPMENT_TEAM = L73M8R7276;
				INFOPLIST_FILE = ChucknorsisTests/Info.plist;
				IPHONEOS_DEPLOYMENT_TARGET = 14.3;
				LD_RUNPATH_SEARCH_PATHS = (
					"$(inherited)",
					"@executable_path/Frameworks",
					"@loader_path/Frameworks",
				);
				PRODUCT_BUNDLE_IDENTIFIER = com.leemccormick.ChucknorsisTests;
				PRODUCT_NAME = "$(TARGET_NAME)";
				SWIFT_VERSION = 5.0;
				TARGETED_DEVICE_FAMILY = "1,2";
				TEST_HOST = "$(BUILT_PRODUCTS_DIR)/Chucknorsis.app/Chucknorsis";
			};
			name = Debug;
		};
		36A19A6825C20AFC005C54AC /* Release */ = {
			isa = XCBuildConfiguration;
			buildSettings = {
				ALWAYS_EMBED_SWIFT_STANDARD_LIBRARIES = YES;
				BUNDLE_LOADER = "$(TEST_HOST)";
				CODE_SIGN_STYLE = Automatic;
				DEVELOPMENT_TEAM = L73M8R7276;
				INFOPLIST_FILE = ChucknorsisTests/Info.plist;
				IPHONEOS_DEPLOYMENT_TARGET = 14.3;
				LD_RUNPATH_SEARCH_PATHS = (
					"$(inherited)",
					"@executable_path/Frameworks",
					"@loader_path/Frameworks",
				);
				PRODUCT_BUNDLE_IDENTIFIER = com.leemccormick.ChucknorsisTests;
				PRODUCT_NAME = "$(TARGET_NAME)";
				SWIFT_VERSION = 5.0;
				TARGETED_DEVICE_FAMILY = "1,2";
				TEST_HOST = "$(BUILT_PRODUCTS_DIR)/Chucknorsis.app/Chucknorsis";
			};
			name = Release;
		};
		36A19A6A25C20AFC005C54AC /* Debug */ = {
			isa = XCBuildConfiguration;
			buildSettings = {
				ALWAYS_EMBED_SWIFT_STANDARD_LIBRARIES = YES;
				CODE_SIGN_STYLE = Automatic;
				DEVELOPMENT_TEAM = L73M8R7276;
				INFOPLIST_FILE = ChucknorsisUITests/Info.plist;
				LD_RUNPATH_SEARCH_PATHS = (
					"$(inherited)",
					"@executable_path/Frameworks",
					"@loader_path/Frameworks",
				);
				PRODUCT_BUNDLE_IDENTIFIER = com.leemccormick.ChucknorsisUITests;
				PRODUCT_NAME = "$(TARGET_NAME)";
				SWIFT_VERSION = 5.0;
				TARGETED_DEVICE_FAMILY = "1,2";
				TEST_TARGET_NAME = Chucknorsis;
			};
			name = Debug;
		};
		36A19A6B25C20AFC005C54AC /* Release */ = {
			isa = XCBuildConfiguration;
			buildSettings = {
				ALWAYS_EMBED_SWIFT_STANDARD_LIBRARIES = YES;
				CODE_SIGN_STYLE = Automatic;
				DEVELOPMENT_TEAM = L73M8R7276;
				INFOPLIST_FILE = ChucknorsisUITests/Info.plist;
				LD_RUNPATH_SEARCH_PATHS = (
					"$(inherited)",
					"@executable_path/Frameworks",
					"@loader_path/Frameworks",
				);
				PRODUCT_BUNDLE_IDENTIFIER = com.leemccormick.ChucknorsisUITests;
				PRODUCT_NAME = "$(TARGET_NAME)";
				SWIFT_VERSION = 5.0;
				TARGETED_DEVICE_FAMILY = "1,2";
				TEST_TARGET_NAME = Chucknorsis;
			};
			name = Release;
		};
/* End XCBuildConfiguration section */

/* Begin XCConfigurationList section */
		36A19A3425C20AF3005C54AC /* Build configuration list for PBXProject "Chucknorsis" */ = {
			isa = XCConfigurationList;
			buildConfigurations = (
				36A19A6125C20AFC005C54AC /* Debug */,
				36A19A6225C20AFC005C54AC /* Release */,
			);
			defaultConfigurationIsVisible = 0;
			defaultConfigurationName = Release;
		};
		36A19A6325C20AFC005C54AC /* Build configuration list for PBXNativeTarget "Chucknorsis" */ = {
			isa = XCConfigurationList;
			buildConfigurations = (
				36A19A6425C20AFC005C54AC /* Debug */,
				36A19A6525C20AFC005C54AC /* Release */,
			);
			defaultConfigurationIsVisible = 0;
			defaultConfigurationName = Release;
		};
		36A19A6625C20AFC005C54AC /* Build configuration list for PBXNativeTarget "ChucknorsisTests" */ = {
			isa = XCConfigurationList;
			buildConfigurations = (
				36A19A6725C20AFC005C54AC /* Debug */,
				36A19A6825C20AFC005C54AC /* Release */,
			);
			defaultConfigurationIsVisible = 0;
			defaultConfigurationName = Release;
		};
		36A19A6925C20AFC005C54AC /* Build configuration list for PBXNativeTarget "ChucknorsisUITests" */ = {
			isa = XCConfigurationList;
			buildConfigurations = (
				36A19A6A25C20AFC005C54AC /* Debug */,
				36A19A6B25C20AFC005C54AC /* Release */,
			);
			defaultConfigurationIsVisible = 0;
			defaultConfigurationName = Release;
		};
/* End XCConfigurationList section */
	};
	rootObject = 36A19A3125C20AF3005C54AC /* Project object */;
}
